
Microsoft Visual Studio Solution File, Format Version 12.00
# Visual Studio 14
VisualStudioVersion = 14.0.25420.1
MinimumVisualStudioVersion = 10.0.40219.1
Project("{FAE04EC0-301F-11D3-BF4B-00C04F79EFBC}") = "BdSofts_WebApi_Auth_Blood", "BdSofts_WebApi_Auth_Blood\BdSofts_WebApi_Auth_Blood.csproj", "{6F4742B0-135C-4CD8-BA8C-DD8D96F6D4DE}"
EndProject
Project("{FAE04EC0-301F-11D3-BF4B-00C04F79EFBC}") = "BdSofts_WebApi_Auth_Blood.Data", "BdSofts_WebApi_Auth_Blood.Data\BdSofts_WebApi_Auth_Blood.Data.csproj", "{0F7385E6-F1C4-4A03-81D5-678B9BF82530}"
EndProject
Global
	GlobalSection(SolutionConfigurationPlatforms) = preSolution
		Debug|Any CPU = Debug|Any CPU
		Release|Any CPU = Release|Any CPU
	EndGlobalSection
	GlobalSection(ProjectConfigurationPlatforms) = postSolution
		{6F4742B0-135C-4CD8-BA8C-DD8D96F6D4DE}.Debug|Any CPU.ActiveCfg = Debug|Any CPU
		{6F4742B0-135C-4CD8-BA8C-DD8D96F6D4DE}.Debug|Any CPU.Build.0 = Debug|Any CPU
		{6F4742B0-135C-4CD8-BA8C-DD8D96F6D4DE}.Release|Any CPU.ActiveCfg = Release|Any CPU
		{6F4742B0-135C-4CD8-BA8C-DD8D96F6D4DE}.Release|Any CPU.Build.0 = Release|Any CPU
		{0F7385E6-F1C4-4A03-81D5-678B9BF82530}.Debug|Any CPU.ActiveCfg = Debug|Any CPU
		{0F7385E6-F1C4-4A03-81D5-678B9BF82530}.Debug|Any CPU.Build.0 = Debug|Any CPU
		{0F7385E6-F1C4-4A03-81D5-678B9BF82530}.Release|Any CPU.ActiveCfg = Release|Any CPU
		{0F7385E6-F1C4-4A03-81D5-678B9BF82530}.Release|Any CPU.Build.0 = Release|Any CPU
	EndGlobalSection
	GlobalSection(SolutionProperties) = preSolution
		HideSolutionNode = FALSE
	EndGlobalSection
EndGlobal
